
Microsoft Visual Studio Solution File, Format Version 12.00
# Visual Studio Version 16
VisualStudioVersion = 16.0.29326.143
MinimumVisualStudioVersion = 10.0.40219.1
Project("{FAE04EC0-301F-11D3-BF4B-00C04F79EFBC}") = "OpenLab 01.2", "OpenLab 01.2\OpenLab 01.2.csproj", "{6484142A-3CF9-41D5-8488-78DA4E1DF899}"
EndProject
Global
	GlobalSection(SolutionConfigurationPlatforms) = preSolution
		Debug|Any CPU = Debug|Any CPU
		Release|Any CPU = Release|Any CPU
	EndGlobalSection
	GlobalSection(ProjectConfigurationPlatforms) = postSolution
		{6484142A-3CF9-41D5-8488-78DA4E1DF899}.Debug|Any CPU.ActiveCfg = Debug|Any CPU
		{6484142A-3CF9-41D5-8488-78DA4E1DF899}.Debug|Any CPU.Build.0 = Debug|Any CPU
		{6484142A-3CF9-41D5-8488-78DA4E1DF899}.Release|Any CPU.ActiveCfg = Release|Any CPU
		{6484142A-3CF9-41D5-8488-78DA4E1DF899}.Release|Any CPU.Build.0 = Release|Any CPU
	EndGlobalSection
	GlobalSection(SolutionProperties) = preSolution
		HideSolutionNode = FALSE
	EndGlobalSection
	GlobalSection(ExtensibilityGlobals) = postSolution
		SolutionGuid = {3BA5F2A4-9381-4B97-857D-140285DD1133}
	EndGlobalSection
EndGlobal
